
Microsoft Visual Studio Solution File, Format Version 12.00
# Visual Studio Version 16
VisualStudioVersion = 16.0.30804.86
MinimumVisualStudioVersion = 10.0.40219.1
Project("{9A19103F-16F7-4668-BE54-9A1E7A4F7556}") = "Netension.Request.Abstraction", "Netension.Request.Abstraction\Netension.Request.Abstraction.csproj", "{9EC93F85-6122-4F56-A13C-49500941D8DD}"
EndProject
Project("{9A19103F-16F7-4668-BE54-9A1E7A4F7556}") = "Netension.Request", "Netension.Request\Netension.Request.csproj", "{7AF29EB6-AF5C-4226-BA01-8C264389301C}"
EndProject
Project("{2150E333-8FDC-42A3-9474-1A3956D46DE8}") = "Hosting", "Hosting", "{5DD741F5-B816-4055-B4CC-D3F081FFDC0C}"
EndProject
Project("{9A19103F-16F7-4668-BE54-9A1E7A4F7556}") = "Netension.Request.NetCore.Asp", "Netension.Request.NetCore.Asp\Netension.Request.NetCore.Asp.csproj", "{2A6A2762-38EA-40D3-925B-A784A01866C2}"
EndProject
Project("{9A19103F-16F7-4668-BE54-9A1E7A4F7556}") = "Netension.Request.Test", "Netension.Request.Test\Netension.Request.Test.csproj", "{4B6FF610-7695-4E44-BE93-F80319161F87}"
EndProject
Project("{9A19103F-16F7-4668-BE54-9A1E7A4F7556}") = "Netension.Request.Hosting.LightInject", "Netension.Request.Hosting.LightInject\Netension.Request.Hosting.LightInject.csproj", "{58E5AF53-2236-4442-BD82-913DF701B43B}"
EndProject
Project("{2150E333-8FDC-42A3-9474-1A3956D46DE8}") = "Sample", "Sample", "{C64E8F62-887C-45E8-B9BB-229F02247725}"
EndProject
Project("{9A19103F-16F7-4668-BE54-9A1E7A4F7556}") = "Netension.Request.NetCore.Asp.Hosting.LightInject", "Netension.Request.NetCore.Asp.Hosting.LightInject\Netension.Request.NetCore.Asp.Hosting.LightInject.csproj", "{AA4162F6-F645-410D-BAC9-9BECFE98B841}"
EndProject
Project("{9A19103F-16F7-4668-BE54-9A1E7A4F7556}") = "Netension.Request.Sample", "Netension.Request.Sample\Netension.Request.Sample.csproj", "{C64B8581-5E2E-49B3-83C0-7CBF8047BEB0}"
EndProject
Project("{2150E333-8FDC-42A3-9474-1A3956D46DE8}") = "Infrastructure", "Infrastructure", "{6DB40077-3A85-487C-A401-7460AC406320}"
EndProject
Project("{FAE04EC0-301F-11D3-BF4B-00C04F79EFBC}") = "Netension.Request.Annotations", "Netension.Request.Infrastructure.Abstraction\Netension.Request.Annotations.csproj", "{8D065F76-BCEB-4C3F-A8B0-403DEF9B9DB1}"
EndProject
Project("{FAE04EC0-301F-11D3-BF4B-00C04F79EFBC}") = "Netension.Request.Infrastructure.EFCore", "Netension.Request.Infrastructure.EFCore\Netension.Request.Infrastructure.EFCore.csproj", "{FDC51CB2-45C2-49A8-8A7C-297C19F92B16}"
EndProject
Global
	GlobalSection(SolutionConfigurationPlatforms) = preSolution
		Debug|Any CPU = Debug|Any CPU
		Release|Any CPU = Release|Any CPU
	EndGlobalSection
	GlobalSection(ProjectConfigurationPlatforms) = postSolution
		{9EC93F85-6122-4F56-A13C-49500941D8DD}.Debug|Any CPU.ActiveCfg = Debug|Any CPU
		{9EC93F85-6122-4F56-A13C-49500941D8DD}.Debug|Any CPU.Build.0 = Debug|Any CPU
		{9EC93F85-6122-4F56-A13C-49500941D8DD}.Release|Any CPU.ActiveCfg = Release|Any CPU
		{9EC93F85-6122-4F56-A13C-49500941D8DD}.Release|Any CPU.Build.0 = Release|Any CPU
		{7AF29EB6-AF5C-4226-BA01-8C264389301C}.Debug|Any CPU.ActiveCfg = Debug|Any CPU
		{7AF29EB6-AF5C-4226-BA01-8C264389301C}.Debug|Any CPU.Build.0 = Debug|Any CPU
		{7AF29EB6-AF5C-4226-BA01-8C264389301C}.Release|Any CPU.ActiveCfg = Release|Any CPU
		{7AF29EB6-AF5C-4226-BA01-8C264389301C}.Release|Any CPU.Build.0 = Release|Any CPU
		{2A6A2762-38EA-40D3-925B-A784A01866C2}.Debug|Any CPU.ActiveCfg = Debug|Any CPU
		{2A6A2762-38EA-40D3-925B-A784A01866C2}.Debug|Any CPU.Build.0 = Debug|Any CPU
		{2A6A2762-38EA-40D3-925B-A784A01866C2}.Release|Any CPU.ActiveCfg = Release|Any CPU
		{2A6A2762-38EA-40D3-925B-A784A01866C2}.Release|Any CPU.Build.0 = Release|Any CPU
		{4B6FF610-7695-4E44-BE93-F80319161F87}.Debug|Any CPU.ActiveCfg = Debug|Any CPU
		{4B6FF610-7695-4E44-BE93-F80319161F87}.Debug|Any CPU.Build.0 = Debug|Any CPU
		{4B6FF610-7695-4E44-BE93-F80319161F87}.Release|Any CPU.ActiveCfg = Release|Any CPU
		{4B6FF610-7695-4E44-BE93-F80319161F87}.Release|Any CPU.Build.0 = Release|Any CPU
		{58E5AF53-2236-4442-BD82-913DF701B43B}.Debug|Any CPU.ActiveCfg = Debug|Any CPU
		{58E5AF53-2236-4442-BD82-913DF701B43B}.Debug|Any CPU.Build.0 = Debug|Any CPU
		{58E5AF53-2236-4442-BD82-913DF701B43B}.Release|Any CPU.ActiveCfg = Release|Any CPU
		{58E5AF53-2236-4442-BD82-913DF701B43B}.Release|Any CPU.Build.0 = Release|Any CPU
		{AA4162F6-F645-410D-BAC9-9BECFE98B841}.Debug|Any CPU.ActiveCfg = Debug|Any CPU
		{AA4162F6-F645-410D-BAC9-9BECFE98B841}.Debug|Any CPU.Build.0 = Debug|Any CPU
		{AA4162F6-F645-410D-BAC9-9BECFE98B841}.Release|Any CPU.ActiveCfg = Release|Any CPU
		{AA4162F6-F645-410D-BAC9-9BECFE98B841}.Release|Any CPU.Build.0 = Release|Any CPU
		{C64B8581-5E2E-49B3-83C0-7CBF8047BEB0}.Debug|Any CPU.ActiveCfg = Debug|Any CPU
		{C64B8581-5E2E-49B3-83C0-7CBF8047BEB0}.Debug|Any CPU.Build.0 = Debug|Any CPU
		{C64B8581-5E2E-49B3-83C0-7CBF8047BEB0}.Release|Any CPU.ActiveCfg = Release|Any CPU
		{C64B8581-5E2E-49B3-83C0-7CBF8047BEB0}.Release|Any CPU.Build.0 = Release|Any CPU
		{8D065F76-BCEB-4C3F-A8B0-403DEF9B9DB1}.Debug|Any CPU.ActiveCfg = Debug|Any CPU
		{8D065F76-BCEB-4C3F-A8B0-403DEF9B9DB1}.Debug|Any CPU.Build.0 = Debug|Any CPU
		{8D065F76-BCEB-4C3F-A8B0-403DEF9B9DB1}.Release|Any CPU.ActiveCfg = Release|Any CPU
		{8D065F76-BCEB-4C3F-A8B0-403DEF9B9DB1}.Release|Any CPU.Build.0 = Release|Any CPU
		{FDC51CB2-45C2-49A8-8A7C-297C19F92B16}.Debug|Any CPU.ActiveCfg = Debug|Any CPU
		{FDC51CB2-45C2-49A8-8A7C-297C19F92B16}.Debug|Any CPU.Build.0 = Debug|Any CPU
		{FDC51CB2-45C2-49A8-8A7C-297C19F92B16}.Release|Any CPU.ActiveCfg = Release|Any CPU
		{FDC51CB2-45C2-49A8-8A7C-297C19F92B16}.Release|Any CPU.Build.0 = Release|Any CPU
	EndGlobalSection
	GlobalSection(SolutionProperties) = preSolution
		HideSolutionNode = FALSE
	EndGlobalSection
	GlobalSection(NestedProjects) = preSolution
		{58E5AF53-2236-4442-BD82-913DF701B43B} = {5DD741F5-B816-4055-B4CC-D3F081FFDC0C}
		{AA4162F6-F645-410D-BAC9-9BECFE98B841} = {5DD741F5-B816-4055-B4CC-D3F081FFDC0C}
		{C64B8581-5E2E-49B3-83C0-7CBF8047BEB0} = {C64E8F62-887C-45E8-B9BB-229F02247725}
		{8D065F76-BCEB-4C3F-A8B0-403DEF9B9DB1} = {6DB40077-3A85-487C-A401-7460AC406320}
		{FDC51CB2-45C2-49A8-8A7C-297C19F92B16} = {6DB40077-3A85-487C-A401-7460AC406320}
	EndGlobalSection
	GlobalSection(ExtensibilityGlobals) = postSolution
		SolutionGuid = {FF19B456-E8FB-487A-BA1A-EB344B586C1B}
	EndGlobalSection
EndGlobal
